<Solution>
  <Folder Name="/BusineesLogicLayer/">
    <Project Path="BusineesLogicLayer/Products.Infraestructure.csproj" />
  </Folder>
  <Folder Name="/DataAcessLayer/">
    <Project Path="DataAcessLayer/Products.Core.csproj" />
  </Folder>
  <Project Path="Products.Api/Products.Api.csproj" />
</Solution>
